
Microsoft Visual Studio Solution File, Format Version 12.00
# Visual Studio Version 17
VisualStudioVersion = 17.3.32901.215
MinimumVisualStudioVersion = 10.0.40219.1
Project("{FAE04EC0-301F-11D3-BF4B-00C04F79EFBC}") = "ejercicio2_4a.Android", "ejercicio2_4a\ejercicio2_4a.Android\ejercicio2_4a.Android.csproj", "{7CE7F888-4B17-4794-9619-51FB7753570D}"
EndProject
Project("{FAE04EC0-301F-11D3-BF4B-00C04F79EFBC}") = "ejercicio2_4a", "ejercicio2_4a\ejercicio2_4a\ejercicio2_4a.csproj", "{362B0D76-BF15-4A83-8C2C-7363E5021587}"
EndProject
Global
	GlobalSection(SolutionConfigurationPlatforms) = preSolution
		Debug|Any CPU = Debug|Any CPU
		Release|Any CPU = Release|Any CPU
	EndGlobalSection
	GlobalSection(ProjectConfigurationPlatforms) = postSolution
		{7CE7F888-4B17-4794-9619-51FB7753570D}.Debug|Any CPU.ActiveCfg = Debug|Any CPU
		{7CE7F888-4B17-4794-9619-51FB7753570D}.Debug|Any CPU.Build.0 = Debug|Any CPU
		{7CE7F888-4B17-4794-9619-51FB7753570D}.Debug|Any CPU.Deploy.0 = Debug|Any CPU
		{7CE7F888-4B17-4794-9619-51FB7753570D}.Release|Any CPU.ActiveCfg = Release|Any CPU
		{7CE7F888-4B17-4794-9619-51FB7753570D}.Release|Any CPU.Build.0 = Release|Any CPU
		{7CE7F888-4B17-4794-9619-51FB7753570D}.Release|Any CPU.Deploy.0 = Release|Any CPU
		{362B0D76-BF15-4A83-8C2C-7363E5021587}.Debug|Any CPU.ActiveCfg = Debug|Any CPU
		{362B0D76-BF15-4A83-8C2C-7363E5021587}.Debug|Any CPU.Build.0 = Debug|Any CPU
		{362B0D76-BF15-4A83-8C2C-7363E5021587}.Debug|Any CPU.Deploy.0 = Debug|Any CPU
		{362B0D76-BF15-4A83-8C2C-7363E5021587}.Release|Any CPU.ActiveCfg = Release|Any CPU
		{362B0D76-BF15-4A83-8C2C-7363E5021587}.Release|Any CPU.Build.0 = Release|Any CPU
		{362B0D76-BF15-4A83-8C2C-7363E5021587}.Release|Any CPU.Deploy.0 = Release|Any CPU
	EndGlobalSection
	GlobalSection(SolutionProperties) = preSolution
		HideSolutionNode = FALSE
	EndGlobalSection
	GlobalSection(ExtensibilityGlobals) = postSolution
		SolutionGuid = {613CEFAE-8130-46BD-946C-28931D40DE53}
	EndGlobalSection
EndGlobal
